
Microsoft Visual Studio Solution File, Format Version 12.00
# Visual Studio Version 17
VisualStudioVersion = 17.5.33530.505
MinimumVisualStudioVersion = 10.0.40219.1
Project("{FAE04EC0-301F-11D3-BF4B-00C04F79EFBC}") = "AutoMapperPOC", "AutoMapperPOC.csproj", "{BAC4D4C1-85AD-4A3C-8399-2B4F048BA375}"
EndProject
Global
	GlobalSection(SolutionConfigurationPlatforms) = preSolution
		Debug|Any CPU = Debug|Any CPU
		Release|Any CPU = Release|Any CPU
	EndGlobalSection
	GlobalSection(ProjectConfigurationPlatforms) = postSolution
		{BAC4D4C1-85AD-4A3C-8399-2B4F048BA375}.Debug|Any CPU.ActiveCfg = Debug|Any CPU
		{BAC4D4C1-85AD-4A3C-8399-2B4F048BA375}.Debug|Any CPU.Build.0 = Debug|Any CPU
		{BAC4D4C1-85AD-4A3C-8399-2B4F048BA375}.Release|Any CPU.ActiveCfg = Release|Any CPU
		{BAC4D4C1-85AD-4A3C-8399-2B4F048BA375}.Release|Any CPU.Build.0 = Release|Any CPU
	EndGlobalSection
	GlobalSection(SolutionProperties) = preSolution
		HideSolutionNode = FALSE
	EndGlobalSection
	GlobalSection(ExtensibilityGlobals) = postSolution
		SolutionGuid = {3D5B9DB8-D948-46DE-A7E1-CC30E56B038B}
	EndGlobalSection
EndGlobal
